
Microsoft Visual Studio Solution File, Format Version 12.00
# Visual Studio Version 17
VisualStudioVersion = 17.6.33815.320
MinimumVisualStudioVersion = 10.0.40219.1
Project("{FAE04EC0-301F-11D3-BF4B-00C04F79EFBC}") = "ElectricStore_ChauHan", "ElectricStore_ChauHan\ElectricStore_ChauHan.csproj", "{8EC1BE76-AA39-400C-8C13-7EF9C11ECC97}"
EndProject
Project("{FAE04EC0-301F-11D3-BF4B-00C04F79EFBC}") = "ElectricStore_ChauHan_Repository", "ElectricStore_ChauHan_Repository\ElectricStore_ChauHan_Repository.csproj", "{DE2393B3-BDED-4EE6-9341-FB007BBBE68A}"
EndProject
Global
	GlobalSection(SolutionConfigurationPlatforms) = preSolution
		Debug|Any CPU = Debug|Any CPU
		Release|Any CPU = Release|Any CPU
	EndGlobalSection
	GlobalSection(ProjectConfigurationPlatforms) = postSolution
		{8EC1BE76-AA39-400C-8C13-7EF9C11ECC97}.Debug|Any CPU.ActiveCfg = Debug|Any CPU
		{8EC1BE76-AA39-400C-8C13-7EF9C11ECC97}.Debug|Any CPU.Build.0 = Debug|Any CPU
		{8EC1BE76-AA39-400C-8C13-7EF9C11ECC97}.Release|Any CPU.ActiveCfg = Release|Any CPU
		{8EC1BE76-AA39-400C-8C13-7EF9C11ECC97}.Release|Any CPU.Build.0 = Release|Any CPU
		{DE2393B3-BDED-4EE6-9341-FB007BBBE68A}.Debug|Any CPU.ActiveCfg = Debug|Any CPU
		{DE2393B3-BDED-4EE6-9341-FB007BBBE68A}.Debug|Any CPU.Build.0 = Debug|Any CPU
		{DE2393B3-BDED-4EE6-9341-FB007BBBE68A}.Release|Any CPU.ActiveCfg = Release|Any CPU
		{DE2393B3-BDED-4EE6-9341-FB007BBBE68A}.Release|Any CPU.Build.0 = Release|Any CPU
	EndGlobalSection
	GlobalSection(SolutionProperties) = preSolution
		HideSolutionNode = FALSE
	EndGlobalSection
	GlobalSection(ExtensibilityGlobals) = postSolution
		SolutionGuid = {2102B8EA-4ABB-4363-8713-A5F2782AF72A}
	EndGlobalSection
EndGlobal
